<?xml version="1.0" encoding="utf-8"?>
<Project ToolsVersion="4.0" xmlns="http://schemas.microsoft.com/developer/msbuild/2003">
  <ItemGroup>
    <Filter Include="Исходные файлы">
      <UniqueIdentifier>{4FC737F1-C7A5-4376-A066-2A32D752A2FF}</UniqueIdentifier>
      <Extensions>cpp;c;cc;cxx;c++;cppm;ixx;def;odl;idl;hpj;bat;asm;asmx</Extensions>
    </Filter>
    <Filter Include="Файлы заголовков">
      <UniqueIdentifier>{93995380-89BD-4b04-88EB-625FBE52EBFB}</UniqueIdentifier>
      <Extensions>h;hh;hpp;hxx;h++;hm;inl;inc;ipp;xsd</Extensions>
    </Filter>
    <Filter Include="Файлы ресурсов">
      <UniqueIdentifier>{67DA6AB6-F800-4c08-8B7A-83BB121AAD01}</UniqueIdentifier>
      <Extensions>rc;ico;cur;bmp;dlg;rc2;rct;bin;rgs;gif;jpg;jpeg;jpe;resx;tiff;tif;png;wav;mfcribbon-ms</Extensions>
    </Filter>
    <Filter Include="Файлы заголовков\InputDevice">
      <UniqueIdentifier>{567642b8-32f2-4328-b69c-9be5fb63176a}</UniqueIdentifier>
    </Filter>
    <Filter Include="Исходные файлы\InputDevice">
      <UniqueIdentifier>{b66399ee-d247-4e2f-94dd-fff8b633718b}</UniqueIdentifier>
    </Filter>
    <Filter Include="Файлы заголовков\Components">
      <UniqueIdentifier>{72b473cf-0919-4c95-a69b-d618bb453eee}</UniqueIdentifier>
    </Filter>
    <Filter Include="Исходные файлы\Components">
      <UniqueIdentifier>{b205af4e-7617-4552-b340-924be6989bb8}</UniqueIdentifier>
    </Filter>
    <Filter Include="Исходные файлы\Core">
      <UniqueIdentifier>{b26db450-7197-4476-a6aa-e20a8482480f}</UniqueIdentifier>
    </Filter>
    <Filter Include="Файлы заголовков\Core">
      <UniqueIdentifier>{fc676fdc-62b2-4a9f-a2a7-df4bc1a34655}</UniqueIdentifier>
    </Filter>
    <Filter Include="Файлы заголовков\Core\ComponentSystem">
      <UniqueIdentifier>{ae65e5be-d6c1-4e98-8ccd-99271523817f}</UniqueIdentifier>
    </Filter>
    <Filter Include="Файлы заголовков\Games">
      <UniqueIdentifier>{7462d4be-7715-46fd-8be5-6dfc92e43b06}</UniqueIdentifier>
    </Filter>
    <Filter Include="Файлы заголовков\Materials">
      <UniqueIdentifier>{bfb4e08b-5055-4c81-b198-e688dd086bad}</UniqueIdentifier>
    </Filter>
    <Filter Include="Исходные файлы\Materials">
      <UniqueIdentifier>{aaaa5d89-7805-4b80-861e-db59bc615278}</UniqueIdentifier>
    </Filter>
    <Filter Include="Исходные файлы\RenderData">
      <UniqueIdentifier>{44c56b0c-24cd-42c4-871b-5610583b8c05}</UniqueIdentifier>
    </Filter>
    <Filter Include="Файлы заголовков\RenderData">
      <UniqueIdentifier>{479de541-1f2c-4b9f-b2dd-6143e17fa1d5}</UniqueIdentifier>
    </Filter>
    <Filter Include="Исходные файлы\Games">
      <UniqueIdentifier>{74ae3804-ce21-4fd2-8866-6be7b4f3dbc7}</UniqueIdentifier>
    </Filter>
    <Filter Include="Исходные файлы\Utils">
      <UniqueIdentifier>{c87f9d03-58aa-4ab2-8ff1-cb67504a76ae}</UniqueIdentifier>
    </Filter>
    <Filter Include="Файлы заголовков\Utils">
      <UniqueIdentifier>{ffd8ea61-0170-47b1-81f0-27892473f0f6}</UniqueIdentifier>
    </Filter>
  </ItemGroup>
  <ItemGroup>
    <ClCompile Include="InputDevice\Delegates.cpp">
      <Filter>Исходные файлы\InputDevice</Filter>
    </ClCompile>
    <ClCompile Include="InputDevice\InputDevice.cpp">
      <Filter>Исходные файлы\InputDevice</Filter>
    </ClCompile>
    <ClCompile Include="InputDevice\SimpleMath.cpp">
      <Filter>Исходные файлы\InputDevice</Filter>
    </ClCompile>
    <ClCompile Include="PaddleRenderComponent.cpp">
      <Filter>Исходные файлы\RenderData</Filter>
    </ClCompile>
    <ClCompile Include="BallRenderComponent.cpp">
      <Filter>Исходные файлы\RenderData</Filter>
    </ClCompile>
    <ClCompile Include="DeviceResources.cpp">
      <Filter>Исходные файлы\Core</Filter>
    </ClCompile>
    <ClCompile Include="FrameCounter.cpp">
      <Filter>Исходные файлы\Core</Filter>
    </ClCompile>
    <ClCompile Include="Renderer.cpp">
      <Filter>Исходные файлы\Core</Filter>
    </ClCompile>
    <ClCompile Include="WindowApplication.cpp">
      <Filter>Исходные файлы\Core</Filter>
    </ClCompile>
    <ClCompile Include="ColliderComponent.cpp">
      <Filter>Исходные файлы\Components</Filter>
    </ClCompile>
    <ClCompile Include="PaddleInputComponent.cpp">
      <Filter>Исходные файлы\Components</Filter>
    </ClCompile>
    <ClCompile Include="InputComponent.cpp">
      <Filter>Исходные файлы\Components</Filter>
    </ClCompile>
    <ClCompile Include="MoveComponent.cpp">
      <Filter>Исходные файлы\Components</Filter>
    </ClCompile>
    <ClCompile Include="SceneComponent.cpp">
      <Filter>Исходные файлы\Components</Filter>
    </ClCompile>
    <ClCompile Include="Game.cpp">
      <Filter>Исходные файлы\Core</Filter>
    </ClCompile>
    <ClCompile Include="Material.cpp">
      <Filter>Исходные файлы\Core</Filter>
    </ClCompile>
    <ClCompile Include="Material2D.cpp">
      <Filter>Исходные файлы\Materials</Filter>
    </ClCompile>
    <ClCompile Include="Basic3DMaterial.cpp">
      <Filter>Исходные файлы\Materials</Filter>
    </ClCompile>
    <ClCompile Include="TransformComponent.cpp">
      <Filter>Исходные файлы\Components</Filter>
    </ClCompile>
    <ClCompile Include="ComponentBase.cpp">
      <Filter>Исходные файлы\Core</Filter>
    </ClCompile>
    <ClCompile Include="BoxRenderData.cpp">
      <Filter>Исходные файлы\RenderData</Filter>
    </ClCompile>
    <ClCompile Include="CameraTestLab.cpp">
      <Filter>Исходные файлы\Games</Filter>
    </ClCompile>
    <ClCompile Include="SceneActor.cpp">
      <Filter>Исходные файлы</Filter>
    </ClCompile>
    <ClCompile Include="Camera.cpp">
      <Filter>Исходные файлы\Components</Filter>
    </ClCompile>
    <ClCompile Include="RotateComponent.cpp">
      <Filter>Исходные файлы\Components</Filter>
    </ClCompile>
    <ClCompile Include="OrbitRotator.cpp">
      <Filter>Исходные файлы\Components</Filter>
    </ClCompile>
    <ClCompile Include="TransformController.cpp">
      <Filter>Исходные файлы\Components</Filter>
    </ClCompile>
    <ClCompile Include="SphereRenderData.cpp">
      <Filter>Исходные файлы\RenderData</Filter>
    </ClCompile>
    <ClCompile Include="PlaneRenderData.cpp">
      <Filter>Исходные файлы\RenderData</Filter>
    </ClCompile>
    <ClCompile Include="CommonRenderData.cpp">
      <Filter>Исходные файлы\RenderData</Filter>
    </ClCompile>
    <ClCompile Include="RenderData.cpp">
      <Filter>Исходные файлы\RenderData</Filter>
    </ClCompile>
    <ClCompile Include="LineStripMaterial.cpp">
      <Filter>Исходные файлы\Materials</Filter>
    </ClCompile>
    <ClCompile Include="Actor.cpp">
      <Filter>Исходные файлы\Core</Filter>
    </ClCompile>
    <ClCompile Include="PongGame.cpp">
      <Filter>Исходные файлы\Games</Filter>
    </ClCompile>
    <ClCompile Include="DirectXGame.cpp">
      <Filter>Исходные файлы</Filter>
    </ClCompile>
    <ClCompile Include="KatamariGame.cpp">
      <Filter>Исходные файлы\Games</Filter>
    </ClCompile>
    <ClCompile Include="MeshLoader.cpp">
      <Filter>Исходные файлы\Utils</Filter>
    </ClCompile>
    <ClCompile Include="Sampler.cpp">
      <Filter>Исходные файлы\Utils</Filter>
    </ClCompile>
    <ClCompile Include="MeshMaterial.cpp">
      <Filter>Исходные файлы\Materials</Filter>
    </ClCompile>
    <ClCompile Include="MeshRenderData.cpp">
      <Filter>Исходные файлы\RenderData</Filter>
    </ClCompile>
    <ClCompile Include="InputLayoutScheme.cpp">
      <Filter>Исходные файлы\Utils</Filter>
    </ClCompile>
    <ClCompile Include="MouseBehaviour.cpp">
      <Filter>Исходные файлы\InputDevice</Filter>
    </ClCompile>
    <ClCompile Include="SphereCollider.cpp">
      <Filter>Исходные файлы\Components</Filter>
    </ClCompile>
    <ClCompile Include="KatamariSphereController.cpp">
      <Filter>Исходные файлы\Components</Filter>
    </ClCompile>
    <ClCompile Include="OrbitTransformController.cpp">
      <Filter>Исходные файлы\Components</Filter>
    </ClCompile>
  </ItemGroup>
  <ItemGroup>
    <ClInclude Include="InputDevice\Delegates.h">
      <Filter>Файлы заголовков\InputDevice</Filter>
    </ClInclude>
    <ClInclude Include="InputDevice\InputDevice.h">
      <Filter>Файлы заголовков\InputDevice</Filter>
    </ClInclude>
    <ClInclude Include="InputDevice\Keys.h">
      <Filter>Файлы заголовков\InputDevice</Filter>
    </ClInclude>
    <ClInclude Include="InputDevice\SimpleMath.h">
      <Filter>Файлы заголовков\InputDevice</Filter>
    </ClInclude>
    <ClInclude Include="RenderData.h">
      <Filter>Файлы заголовков\RenderData</Filter>
    </ClInclude>
    <ClInclude Include="BallRenderComponent.h">
      <Filter>Файлы заголовков\RenderData</Filter>
    </ClInclude>
    <ClInclude Include="PaddleRenderComponent.h">
      <Filter>Файлы заголовков\RenderData</Filter>
    </ClInclude>
    <ClInclude Include="SceneComponent.h">
      <Filter>Файлы заголовков</Filter>
    </ClInclude>
    <ClInclude Include="MoveComponent.h">
      <Filter>Файлы заголовков\Components</Filter>
    </ClInclude>
    <ClInclude Include="InputComponent.h">
      <Filter>Файлы заголовков\Components</Filter>
    </ClInclude>
    <ClInclude Include="ColliderComponent.h">
      <Filter>Файлы заголовков\Components</Filter>
    </ClInclude>
    <ClInclude Include="PaddleInputComponent.h">
      <Filter>Файлы заголовков\Components</Filter>
    </ClInclude>
    <ClInclude Include="ConstantBuffers.h">
      <Filter>Файлы заголовков\Core</Filter>
    </ClInclude>
    <ClInclude Include="DeviceResources.h">
      <Filter>Файлы заголовков\Core</Filter>
    </ClInclude>
    <ClInclude Include="WindowApplication.h">
      <Filter>Файлы заголовков\Core</Filter>
    </ClInclude>
    <ClInclude Include="FrameCounter.h">
      <Filter>Файлы заголовков\Core</Filter>
    </ClInclude>
    <ClInclude Include="Renderer.h">
      <Filter>Файлы заголовков\Core</Filter>
    </ClInclude>
    <ClInclude Include="SceneActor.h">
      <Filter>Файлы заголовков\Core</Filter>
    </ClInclude>
    <ClInclude Include="Actor.h">
      <Filter>Файлы заголовков\Core\ComponentSystem</Filter>
    </ClInclude>
    <ClInclude Include="ComponentBase.h">
      <Filter>Файлы заголовков\Core\ComponentSystem</Filter>
    </ClInclude>
    <ClInclude Include="TransformComponent.h">
      <Filter>Файлы заголовков\Components</Filter>
    </ClInclude>
    <ClInclude Include="Game.h">
      <Filter>Файлы заголовков\Core</Filter>
    </ClInclude>
    <ClInclude Include="PongGame.h">
      <Filter>Файлы заголовков\Games</Filter>
    </ClInclude>
    <ClInclude Include="CameraTestLab.h">
      <Filter>Файлы заголовков\Games</Filter>
    </ClInclude>
    <ClInclude Include="Camera.h">
      <Filter>Файлы заголовков\Core</Filter>
    </ClInclude>
    <ClInclude Include="Material.h">
      <Filter>Файлы заголовков\Core</Filter>
    </ClInclude>
    <ClInclude Include="Material2D.h">
      <Filter>Файлы заголовков\Materials</Filter>
    </ClInclude>
    <ClInclude Include="Basic3DMaterial.h">
      <Filter>Файлы заголовков\Materials</Filter>
    </ClInclude>
    <ClInclude Include="RotateComponent.h">
      <Filter>Файлы заголовков\Components</Filter>
    </ClInclude>
    <ClInclude Include="LineStripMaterial.h">
      <Filter>Файлы заголовков\Materials</Filter>
    </ClInclude>
    <ClInclude Include="OrbitRotator.h">
      <Filter>Файлы заголовков\Components</Filter>
    </ClInclude>
    <ClInclude Include="TransformController.h">
      <Filter>Файлы заголовков\Components</Filter>
    </ClInclude>
    <ClInclude Include="BoxRenderData.h">
      <Filter>Файлы заголовков\RenderData</Filter>
    </ClInclude>
    <ClInclude Include="SphereRenderData.h">
      <Filter>Файлы заголовков\RenderData</Filter>
    </ClInclude>
    <ClInclude Include="PlaneRenderData.h">
      <Filter>Файлы заголовков\RenderData</Filter>
    </ClInclude>
    <ClInclude Include="CommonRenderData.h">
      <Filter>Файлы заголовков\RenderData</Filter>
    </ClInclude>
    <ClInclude Include="KatamariGame.h">
      <Filter>Файлы заголовков\Games</Filter>
    </ClInclude>
    <ClInclude Include="Utils\TextureLoader.h">
      <Filter>Файлы заголовков\Utils</Filter>
    </ClInclude>
    <ClInclude Include="MeshRenderData.h">
      <Filter>Файлы заголовков\RenderData</Filter>
    </ClInclude>
    <ClInclude Include="Texture.h">
      <Filter>Файлы заголовков\Utils</Filter>
    </ClInclude>
    <ClInclude Include="MeshLoader.h">
      <Filter>Файлы заголовков\Utils</Filter>
    </ClInclude>
    <ClInclude Include="Mesh.h">
      <Filter>Файлы заголовков\Utils</Filter>
    </ClInclude>
    <ClInclude Include="MeshMaterial.h">
      <Filter>Файлы заголовков\Materials</Filter>
    </ClInclude>
    <ClInclude Include="Sampler.h">
      <Filter>Файлы заголовков\Utils</Filter>
    </ClInclude>
    <ClInclude Include="InputLayoutSchemes.h">
      <Filter>Файлы заголовков\Utils</Filter>
    </ClInclude>
    <ClInclude Include="MouseBehaviour.h">
      <Filter>Файлы заголовков\InputDevice</Filter>
    </ClInclude>
    <ClInclude Include="SphereCollider.h">
      <Filter>Файлы заголовков\Components</Filter>
    </ClInclude>
    <ClInclude Include="KatamariSphereController.h">
      <Filter>Файлы заголовков\Components</Filter>
    </ClInclude>
    <ClInclude Include="UtilityFunctions.h">
      <Filter>Файлы заголовков\Utils</Filter>
    </ClInclude>
    <ClInclude Include="OrbitTransform.h">
      <Filter>Файлы заголовков\Components</Filter>
    </ClInclude>
    <ClInclude Include="OrbitTransformController.h">
      <Filter>Файлы заголовков\Components</Filter>
    </ClInclude>
    <ClInclude Include="SphericalCoords.h">
      <Filter>Файлы заголовков\Utils</Filter>
    </ClInclude>
  </ItemGroup>
  <ItemGroup>
    <Natvis Include="InputDevice\Delegates.natvis">
      <Filter>Файлы ресурсов</Filter>
    </Natvis>
  </ItemGroup>
  <ItemGroup>
    <None Include="packages.config" />
  </ItemGroup>
  <ItemGroup>
    <FxCompile Include="Content\Shaders\shader.hlsl">
      <Filter>Файлы ресурсов</Filter>
    </FxCompile>
    <FxCompile Include="Content\Shaders\shader_3d.hlsl">
      <Filter>Файлы ресурсов</Filter>
    </FxCompile>
    <FxCompile Include="Content\Shaders\shader_mesh.hlsl">
      <Filter>Файлы ресурсов</Filter>
    </FxCompile>
  </ItemGroup>
</Project>